
Microsoft Visual Studio Solution File, Format Version 12.00
# Visual Studio Version 17
VisualStudioVersion = 17.7.34031.279
MinimumVisualStudioVersion = 10.0.40219.1
Project("{FAE04EC0-301F-11D3-BF4B-00C04F79EFBC}") = "RGB", "RGB\RGB.csproj", "{3062FF09-C092-417C-9EA1-788346393416}"
EndProject
Global
	GlobalSection(SolutionConfigurationPlatforms) = preSolution
		Debug|Any CPU = Debug|Any CPU
		Release|Any CPU = Release|Any CPU
	EndGlobalSection
	GlobalSection(ProjectConfigurationPlatforms) = postSolution
		{3062FF09-C092-417C-9EA1-788346393416}.Debug|Any CPU.ActiveCfg = Debug|Any CPU
		{3062FF09-C092-417C-9EA1-788346393416}.Debug|Any CPU.Build.0 = Debug|Any CPU
		{3062FF09-C092-417C-9EA1-788346393416}.Release|Any CPU.ActiveCfg = Release|Any CPU
		{3062FF09-C092-417C-9EA1-788346393416}.Release|Any CPU.Build.0 = Release|Any CPU
	EndGlobalSection
	GlobalSection(SolutionProperties) = preSolution
		HideSolutionNode = FALSE
	EndGlobalSection
	GlobalSection(ExtensibilityGlobals) = postSolution
		SolutionGuid = {35B685D8-502F-44FC-991B-FE3ABACDD6CE}
	EndGlobalSection
EndGlobal
